
Microsoft Visual Studio Solution File, Format Version 12.00
# Visual Studio Version 17
VisualStudioVersion = 17.5.002.0
MinimumVisualStudioVersion = 10.0.40219.1
Project("{9A19103F-16F7-4668-BE54-9A1E7A4F7556}") = "Person", "Person.csproj", "{F99141EB-616A-40D9-9343-04C04E9AA3AA}"
EndProject
Global
	GlobalSection(SolutionConfigurationPlatforms) = preSolution
		Debug|Any CPU = Debug|Any CPU
		Release|Any CPU = Release|Any CPU
	EndGlobalSection
	GlobalSection(ProjectConfigurationPlatforms) = postSolution
		{F99141EB-616A-40D9-9343-04C04E9AA3AA}.Debug|Any CPU.ActiveCfg = Debug|Any CPU
		{F99141EB-616A-40D9-9343-04C04E9AA3AA}.Debug|Any CPU.Build.0 = Debug|Any CPU
		{F99141EB-616A-40D9-9343-04C04E9AA3AA}.Release|Any CPU.ActiveCfg = Release|Any CPU
		{F99141EB-616A-40D9-9343-04C04E9AA3AA}.Release|Any CPU.Build.0 = Release|Any CPU
	EndGlobalSection
	GlobalSection(SolutionProperties) = preSolution
		HideSolutionNode = FALSE
	EndGlobalSection
	GlobalSection(ExtensibilityGlobals) = postSolution
		SolutionGuid = {7494D63C-9ECC-45E9-894B-34E1E7898B50}
	EndGlobalSection
EndGlobal
